<?xml version="1.0" encoding="utf-8"?>
<Project ToolsVersion="4.0" xmlns="http://schemas.microsoft.com/developer/msbuild/2003">
  <ItemGroup>
    <Filter Include="EventSystem">
      <UniqueIdentifier>{737b7dd8-9c7a-4b18-bd76-dcff03bffcc8}</UniqueIdentifier>
    </Filter>
    <Filter Include="RPI">
      <UniqueIdentifier>{0bda4777-bda3-44c4-8628-785f2ad0bd22}</UniqueIdentifier>
    </Filter>
    <Filter Include="GraphicsWindow">
      <UniqueIdentifier>{1e19138c-d022-4ca7-80cb-618dbc3ea191}</UniqueIdentifier>
    </Filter>
    <Filter Include="Scene">
      <UniqueIdentifier>{68e78f95-faa5-49b5-8ae6-0f6d1a2de9c0}</UniqueIdentifier>
    </Filter>
    <Filter Include="Infras">
      <UniqueIdentifier>{e76d452c-35fa-455b-a629-0c4ec7e4a11a}</UniqueIdentifier>
    </Filter>
    <Filter Include="Renderer">
      <UniqueIdentifier>{eba93bc8-76fe-4dda-9de6-19eeaa984ea2}</UniqueIdentifier>
    </Filter>
  </ItemGroup>
  <ItemGroup>
    <ClCompile Include="Private\Core.cpp">
      <Filter>GraphicsWindow</Filter>
    </ClCompile>
    <ClCompile Include="Private\View.cpp">
      <Filter>GraphicsWindow</Filter>
    </ClCompile>
    <ClCompile Include="Private\test.cpp" />
  </ItemGroup>
  <ItemGroup>
    <ClInclude Include="Public\Core.h">
      <Filter>GraphicsWindow</Filter>
    </ClInclude>
    <ClInclude Include="Public\GraphicViewWin32.h">
      <Filter>GraphicsWindow</Filter>
    </ClInclude>
    <ClInclude Include="Public\Image.h">
      <Filter>RPI</Filter>
    </ClInclude>
    <ClInclude Include="Public\View.h">
      <Filter>GraphicsWindow</Filter>
    </ClInclude>
    <ClInclude Include="Public\Event.h">
      <Filter>EventSystem</Filter>
    </ClInclude>
    <ClInclude Include="Public\EventQueue.h">
      <Filter>EventSystem</Filter>
    </ClInclude>
    <ClInclude Include="Public\EventHandler.h">
      <Filter>EventSystem</Filter>
    </ClInclude>
    <ClInclude Include="Public\CameraManipulator.h">
      <Filter>EventSystem</Filter>
    </ClInclude>
    <ClInclude Include="Public\Handle.h">
      <Filter>Infras</Filter>
    </ClInclude>
    <ClInclude Include="Public\Material.h">
      <Filter>RPI</Filter>
    </ClInclude>
    <ClInclude Include="Public\Shader.h">
      <Filter>RPI</Filter>
    </ClInclude>
    <ClInclude Include="Public\ShaderInput.h">
      <Filter>RPI</Filter>
    </ClInclude>
    <ClInclude Include="Public\ShaderResource.h">
      <Filter>RPI</Filter>
    </ClInclude>
    <ClInclude Include="Public\Reference.h">
      <Filter>Infras</Filter>
    </ClInclude>
    <ClInclude Include="Model.h">
      <Filter>RPI</Filter>
    </ClInclude>
    <ClInclude Include="Mesh.h">
      <Filter>RPI</Filter>
    </ClInclude>
    <ClInclude Include="Renderer.h">
      <Filter>Renderer</Filter>
    </ClInclude>
    <ClInclude Include="Public\Texture.h" />
    <ClInclude Include="Public\ShaderParameter.h" />
    <ClInclude Include="Public\BufferDescription.h" />
    <ClInclude Include="Public\Light.h" />
    <ClInclude Include="Public\Vec.h" />
    <ClInclude Include="Public\FMath.h" />
    <ClInclude Include="Public\VecArray.h" />
    <ClInclude Include="Public\Matrix.h" />
    <ClInclude Include="Public\Quat.h" />
  </ItemGroup>
</Project>