<?xml version="1.0" encoding="utf-8"?>
<Project ToolsVersion="4.0" xmlns="http://schemas.microsoft.com/developer/msbuild/2003">
  <ItemGroup>
    <ClCompile Include="Private\main.cpp" />
    <ClCompile Include="Private\FTimer.cpp" />
    <ClCompile Include="Private\FDx11Renderer.cpp" />
    <ClCompile Include="Private\FDx11.cpp" />
    <ClCompile Include="Private\FDx11Pass.cpp" />
    <ClCompile Include="Private\FDx11Texture.cpp" />
    <ClCompile Include="Private\FDx11BufferObject.cpp" />
    <ClCompile Include="Private\FDx11Util.cpp" />
    <ClCompile Include="Private\FDx11InputLayout.cpp" />
    <ClCompile Include="Private\FDx11App.cpp" />
    <ClCompile Include="Private\d3dApp.cpp" />
    <ClCompile Include="Private\FDx11Pipeline.cpp" />
  </ItemGroup>
  <ItemGroup>
    <Filter Include="test">
      <UniqueIdentifier>{2298cb5f-b782-42af-8889-c600462c9cb9}</UniqueIdentifier>
    </Filter>
  </ItemGroup>
  <ItemGroup>
    <ClInclude Include="Public\test.h">
      <Filter>test</Filter>
    </ClInclude>
    <ClInclude Include="Public\FDx11.h" />
    <ClInclude Include="Public\FTimer.h" />
    <ClInclude Include="Public\FGraphicWindowWin32.h" />
    <ClInclude Include="Public\FDx11Renderer.h" />
    <ClInclude Include="Public\FView.h" />
    <ClInclude Include="Public\FDx11InpuyLayout.h" />
    <ClInclude Include="Public\FDx11BufferObject.h" />
    <ClInclude Include="Public\Testt.h" />
    <ClInclude Include="Public\FDx11RenderTarget.h" />
    <ClInclude Include="Public\FDx11Shader.h" />
    <ClInclude Include="Public\FDx11ConstantBuffer.h" />
    <ClInclude Include="Public\FDx11Texture.h" />
    <ClInclude Include="Public\FDx11Util.h" />
    <ClInclude Include="Public\FDx11Mesh.h" />
    <ClInclude Include="Public\FDx11Pass.h" />
    <ClInclude Include="Public\FDx11RenderState.h" />
    <ClInclude Include="Public\FDx11App.h" />
    <ClInclude Include="Public\d3dApp.h" />
    <ClInclude Include="Public\FDx11Driver.h" />
    <ClInclude Include="Public\FDx11ResourceFactory.h" />
    <ClInclude Include="Public\Constant.h" />
    <ClInclude Include="Public\FDx11Pipeline.h" />
  </ItemGroup>
  <ItemGroup>
    <None Include="Shader\Pbr.hlsli" />
  </ItemGroup>
</Project>